# THIS IS AN AUTOGENERATED FILE. DO NOT EDIT THIS FILE DIRECTLY.
# yarn lockfile v1


absolute@0.0.1:
  version "0.0.1"
  resolved "https://registry.yarnpkg.com/absolute/-/absolute-0.0.1.tgz#c22822f87e1c939f579887504d9c109c4173829d"

ansi-red@^0.1.1:
  version "0.1.1"
  resolved "https://registry.yarnpkg.com/ansi-red/-/ansi-red-0.1.1.tgz#8c638f9d1080800a353c9c28c8a81ca4705d946c"
  dependencies:
    ansi-wrap "0.1.0"

ansi-regex@^0.2.0, ansi-regex@^0.2.1:
  version "0.2.1"
  resolved "https://registry.yarnpkg.com/ansi-regex/-/ansi-regex-0.2.1.tgz#0d8e946967a3d8143f93e24e298525fc1b2235f9"

ansi-styles@^1.1.0:
  version "1.1.0"
  resolved "https://registry.yarnpkg.com/ansi-styles/-/ansi-styles-1.1.0.tgz#eaecbf66cd706882760b2f4691582b8f55d7a7de"

ansi-wrap@0.1.0:
  version "0.1.0"
  resolved "https://registry.yarnpkg.com/ansi-wrap/-/ansi-wrap-0.1.0.tgz#a82250ddb0015e9a27ca82e82ea603bbfa45efaf"

argparse@^1.0.7:
  version "1.0.9"
  resolved "https://registry.yarnpkg.com/argparse/-/argparse-1.0.9.tgz#73d83bc263f86e97f8cc4f6bae1b0e90a7d22c86"
  dependencies:
    sprintf-js "~1.0.2"

assertion-error@^1.0.1:
  version "1.0.2"
  resolved "https://registry.yarnpkg.com/assertion-error/-/assertion-error-1.0.2.tgz#13ca515d86206da0bac66e834dd397d87581094c"

async@2.0.0-rc.6:
  version "2.0.0-rc.6"
  resolved "https://registry.yarnpkg.com/async/-/async-2.0.0-rc.6.tgz#978fc4155d1fc30b8b58fc3f020102b2da02f2a4"
  dependencies:
    lodash "^4.8.0"

async@~0.9.0:
  version "0.9.2"
  resolved "https://registry.yarnpkg.com/async/-/async-0.9.2.tgz#aea74d5e61c1f899613bf64bda66d4c78f2fd17d"

balanced-match@^0.4.1:
  version "0.4.2"
  resolved "https://registry.yarnpkg.com/balanced-match/-/balanced-match-0.4.2.tgz#cb3f3e3c732dc0f01ee70b403f302e61d7709838"

brace-expansion@^1.0.0:
  version "1.1.6"
  resolved "https://registry.yarnpkg.com/brace-expansion/-/brace-expansion-1.1.6.tgz#7197d7eaa9b87e648390ea61fc66c84427420df9"
  dependencies:
    balanced-match "^0.4.1"
    concat-map "0.0.1"

chai@3.5.0:
  version "3.5.0"
  resolved "https://registry.yarnpkg.com/chai/-/chai-3.5.0.tgz#4d02637b067fe958bdbfdd3a40ec56fef7373247"
  dependencies:
    assertion-error "^1.0.1"
    deep-eql "^0.1.3"
    type-detect "^1.0.0"

chalk@^0.5.0:
  version "0.5.1"
  resolved "https://registry.yarnpkg.com/chalk/-/chalk-0.5.1.tgz#663b3a648b68b55d04690d49167aa837858f2174"
  dependencies:
    ansi-styles "^1.1.0"
    escape-string-regexp "^1.0.0"
    has-ansi "^0.1.0"
    strip-ansi "^0.3.0"
    supports-color "^0.2.0"

clone@^0.1.11:
  version "0.1.19"
  resolved "https://registry.yarnpkg.com/clone/-/clone-0.1.19.tgz#613fb68639b26a494ac53253e15b1a6bd88ada85"

co-from-stream@0.0.0:
  version "0.0.0"
  resolved "https://registry.yarnpkg.com/co-from-stream/-/co-from-stream-0.0.0.tgz#1a5cd8ced77263946094fa39f2499a63297bcaf9"
  dependencies:
    co-read "0.0.1"

co-fs-extra@0.0.2:
  version "0.0.2"
  resolved "https://registry.yarnpkg.com/co-fs-extra/-/co-fs-extra-0.0.2.tgz#02cfb5cd5c24b25f6880d3e602a79bbe3a40f934"
  dependencies:
    co-fs "1.2.0"
    fs-extra "0.12.0"
    thunkify "2.1.2"

co-fs@1.2.0:
  version "1.2.0"
  resolved "https://registry.yarnpkg.com/co-fs/-/co-fs-1.2.0.tgz#a6df045ce58c04eed45586ff4385032813aba64e"
  dependencies:
    co-from-stream "0.0.0"
    thunkify "0.0.1"

co-read@0.0.1:
  version "0.0.1"
  resolved "https://registry.yarnpkg.com/co-read/-/co-read-0.0.1.tgz#f81b3eb8a86675fec51e3d883a7f564e873c9389"

co@3.1.0, co@~3.1.0:
  version "3.1.0"
  resolved "https://registry.yarnpkg.com/co/-/co-3.1.0.tgz#4ea54ea5a08938153185e15210c68d9092bc1b78"

coffee-script@^1.12.4:
  version "1.12.4"
  resolved "https://registry.yarnpkg.com/coffee-script/-/coffee-script-1.12.4.tgz#fe1bced97fe1fb3927b998f2b45616e0658be1ff"

commander@0.6.1:
  version "0.6.1"
  resolved "https://registry.yarnpkg.com/commander/-/commander-0.6.1.tgz#fa68a14f6a945d54dbbe50d8cdb3320e9e3b1a06"

commander@2.3.0:
  version "2.3.0"
  resolved "https://registry.yarnpkg.com/commander/-/commander-2.3.0.tgz#fd430e889832ec353b9acd1de217c11cb3eef873"

commander@^2.6.0:
  version "2.9.0"
  resolved "https://registry.yarnpkg.com/commander/-/commander-2.9.0.tgz#9c99094176e12240cb22d6c5146098400fe0f7d4"
  dependencies:
    graceful-readlink ">= 1.0.0"

concat-map@0.0.1:
  version "0.0.1"
  resolved "https://registry.yarnpkg.com/concat-map/-/concat-map-0.0.1.tgz#d8a96bd77fd68df7793a73036a3ba0d5405d477b"

debug@2.2.0:
  version "2.2.0"
  resolved "https://registry.yarnpkg.com/debug/-/debug-2.2.0.tgz#f87057e995b1a1f6ae6a4960664137bc56f039da"
  dependencies:
    ms "0.7.1"

deep-eql@^0.1.3:
  version "0.1.3"
  resolved "https://registry.yarnpkg.com/deep-eql/-/deep-eql-0.1.3.tgz#ef558acab8de25206cd713906d74e56930eb69f2"
  dependencies:
    type-detect "0.1.1"

diff@1.4.0:
  version "1.4.0"
  resolved "https://registry.yarnpkg.com/diff/-/diff-1.4.0.tgz#7f28d2eb9ee7b15a97efd89ce63dcfdaa3ccbabf"

escape-string-regexp@1.0.2:
  version "1.0.2"
  resolved "https://registry.yarnpkg.com/escape-string-regexp/-/escape-string-regexp-1.0.2.tgz#4dbc2fe674e71949caf3fb2695ce7f2dc1d9a8d1"

escape-string-regexp@^1.0.0:
  version "1.0.5"
  resolved "https://registry.yarnpkg.com/escape-string-regexp/-/escape-string-regexp-1.0.5.tgz#1b61c0562190a8dff6ae3bb2cf0200ca130b86d4"

esprima@^3.1.1:
  version "3.1.3"
  resolved "https://registry.yarnpkg.com/esprima/-/esprima-3.1.3.tgz#fdca51cee6133895e3c88d535ce49dbff62a4633"

extend-shallow@^2.0.1:
  version "2.0.1"
  resolved "https://registry.yarnpkg.com/extend-shallow/-/extend-shallow-2.0.1.tgz#51af7d614ad9a9f610ea1bafbb989d6b1c56890f"
  dependencies:
    is-extendable "^0.1.0"

fs-extra@0.12.0:
  version "0.12.0"
  resolved "https://registry.yarnpkg.com/fs-extra/-/fs-extra-0.12.0.tgz#407cf6e11321e440d66f9486fba1cc9eb4c21868"
  dependencies:
    jsonfile "^2.0.0"
    mkdirp "^0.5.0"
    ncp "^0.6.0"
    rimraf "^2.2.8"

fs-extra@~0.10.0:
  version "0.10.0"
  resolved "https://registry.yarnpkg.com/fs-extra/-/fs-extra-0.10.0.tgz#99c0ec2fd5eaaad9d646245e4b014b56729982af"
  dependencies:
    jsonfile "^1.2.0"
    mkdirp "^0.5.0"
    ncp "^0.5.1"
    rimraf "^2.2.8"

fs.realpath@^1.0.0:
  version "1.0.0"
  resolved "https://registry.yarnpkg.com/fs.realpath/-/fs.realpath-1.0.0.tgz#1504ad2523158caa40db4a2787cb01411994ea4f"

glob@3.2.11:
  version "3.2.11"
  resolved "https://registry.yarnpkg.com/glob/-/glob-3.2.11.tgz#4a973f635b9190f715d10987d5c00fd2815ebe3d"
  dependencies:
    inherits "2"
    minimatch "0.3"

glob@7.0.4:
  version "7.0.4"
  resolved "https://registry.yarnpkg.com/glob/-/glob-7.0.4.tgz#3b44afa0943bdc31b2037b934791e2e084bcb7f6"
  dependencies:
    fs.realpath "^1.0.0"
    inflight "^1.0.4"
    inherits "2"
    minimatch "2 || 3"
    once "^1.3.0"
    path-is-absolute "^1.0.0"

glob@^7.0.5:
  version "7.1.1"
  resolved "https://registry.yarnpkg.com/glob/-/glob-7.1.1.tgz#805211df04faaf1c63a3600306cdf5ade50b2ec8"
  dependencies:
    fs.realpath "^1.0.0"
    inflight "^1.0.4"
    inherits "2"
    minimatch "^3.0.2"
    once "^1.3.0"
    path-is-absolute "^1.0.0"

graceful-fs@^4.1.6:
  version "4.1.11"
  resolved "https://registry.yarnpkg.com/graceful-fs/-/graceful-fs-4.1.11.tgz#0e8bdfe4d1ddb8854d64e04ea7c00e2a026e5658"

"graceful-readlink@>= 1.0.0":
  version "1.0.1"
  resolved "https://registry.yarnpkg.com/graceful-readlink/-/graceful-readlink-1.0.1.tgz#4cafad76bc62f02fa039b2f94e9a3dd3a391a725"

gray-matter@^2.0.0:
  version "2.1.1"
  resolved "https://registry.yarnpkg.com/gray-matter/-/gray-matter-2.1.1.tgz#3042d9adec2a1ded6a7707a9ed2380f8a17a430e"
  dependencies:
    ansi-red "^0.1.1"
    coffee-script "^1.12.4"
    extend-shallow "^2.0.1"
    js-yaml "^3.8.1"
    toml "^2.3.2"

growl@1.9.2:
  version "1.9.2"
  resolved "https://registry.yarnpkg.com/growl/-/growl-1.9.2.tgz#0ea7743715db8d8de2c5ede1775e1b45ac85c02f"

harmonize@1.4.4:
  version "1.4.4"
  resolved "https://registry.yarnpkg.com/harmonize/-/harmonize-1.4.4.tgz#b5cd474f05be026182510a4a9944f5eca6c9962d"
  dependencies:
    is-iojs "^1.0.1"

has-ansi@^0.1.0:
  version "0.1.0"
  resolved "https://registry.yarnpkg.com/has-ansi/-/has-ansi-0.1.0.tgz#84f265aae8c0e6a88a12d7022894b7568894c62e"
  dependencies:
    ansi-regex "^0.2.0"

has-generators@^1.0.1:
  version "1.0.1"
  resolved "https://registry.yarnpkg.com/has-generators/-/has-generators-1.0.1.tgz#a6a2e55486011940482e13e2c93791c449acf449"

inflight@^1.0.4:
  version "1.0.6"
  resolved "https://registry.yarnpkg.com/inflight/-/inflight-1.0.6.tgz#49bd6331d7d02d0c09bc910a1075ba8165b56df9"
  dependencies:
    once "^1.3.0"
    wrappy "1"

inherits@2:
  version "2.0.3"
  resolved "https://registry.yarnpkg.com/inherits/-/inherits-2.0.3.tgz#633c2c83e3da42a502f52466022480f4208261de"

is-extendable@^0.1.0:
  version "0.1.1"
  resolved "https://registry.yarnpkg.com/is-extendable/-/is-extendable-0.1.1.tgz#62b110e289a471418e3ec36a617d472e301dfc89"

is-iojs@^1.0.1:
  version "1.1.0"
  resolved "https://registry.yarnpkg.com/is-iojs/-/is-iojs-1.1.0.tgz#4c11033b5d5d94d6eab3775dedc9be7d008325f1"

is-utf8@~0.2.0:
  version "0.2.1"
  resolved "https://registry.yarnpkg.com/is-utf8/-/is-utf8-0.2.1.tgz#4b0da1442104d1b336340e80797e865cf39f7d72"

is@^2.2.0:
  version "2.2.1"
  resolved "https://registry.yarnpkg.com/is/-/is-2.2.1.tgz#5b0557a3dc68089d978ecd1184cc8fc529837a04"

jade@0.26.3:
  version "0.26.3"
  resolved "https://registry.yarnpkg.com/jade/-/jade-0.26.3.tgz#8f10d7977d8d79f2f6ff862a81b0513ccb25686c"
  dependencies:
    commander "0.6.1"
    mkdirp "0.3.0"

js-yaml@^3.8.1:
  version "3.8.2"
  resolved "https://registry.yarnpkg.com/js-yaml/-/js-yaml-3.8.2.tgz#02d3e2c0f6beab20248d412c352203827d786721"
  dependencies:
    argparse "^1.0.7"
    esprima "^3.1.1"

jsonfile@^1.2.0:
  version "1.2.0"
  resolved "https://registry.yarnpkg.com/jsonfile/-/jsonfile-1.2.0.tgz#5f35d6cd9f946ec97b5b18353fa9e58df1b86f6a"

jsonfile@^2.0.0:
  version "2.4.0"
  resolved "https://registry.yarnpkg.com/jsonfile/-/jsonfile-2.4.0.tgz#3736a2b428b87bbda0cc83b53fa3d633a35c2ae8"
  optionalDependencies:
    graceful-fs "^4.1.6"

lodash@^4.8.0:
  version "4.17.4"
  resolved "https://registry.yarnpkg.com/lodash/-/lodash-4.17.4.tgz#78203a4d1c328ae1d86dca6460e369b57f4055ae"

lru-cache@2:
  version "2.7.3"
  resolved "https://registry.yarnpkg.com/lru-cache/-/lru-cache-2.7.3.tgz#6d4524e8b955f95d4f5b58851ce21dd72fb4e952"

metalsmith@2.1.0:
  version "2.1.0"
  resolved "https://registry.yarnpkg.com/metalsmith/-/metalsmith-2.1.0.tgz#2d1781c13f4def7650f708f9342dd1052918a576"
  dependencies:
    absolute "0.0.1"
    async "~0.9.0"
    chalk "^0.5.0"
    clone "^0.1.11"
    co-fs-extra "0.0.2"
    commander "^2.6.0"
    fs-extra "~0.10.0"
    gray-matter "^2.0.0"
    has-generators "^1.0.1"
    is "^2.2.0"
    is-utf8 "~0.2.0"
    recursive-readdir "^1.2.1"
    rimraf "^2.2.8"
    stat-mode "^0.2.0"
    thunkify "^2.1.2"
    unyield "0.0.1"
    ware "^1.2.0"
    win-fork "^1.1.1"

minimatch@0.3, minimatch@0.3.0:
  version "0.3.0"
  resolved "https://registry.yarnpkg.com/minimatch/-/minimatch-0.3.0.tgz#275d8edaac4f1bb3326472089e7949c8394699dd"
  dependencies:
    lru-cache "2"
    sigmund "~1.0.0"

"minimatch@2 || 3", minimatch@^3.0.2:
  version "3.0.3"
  resolved "https://registry.yarnpkg.com/minimatch/-/minimatch-3.0.3.tgz#2a4e4090b96b2db06a9d7df01055a62a77c9b774"
  dependencies:
    brace-expansion "^1.0.0"

minimist@0.0.8:
  version "0.0.8"
  resolved "https://registry.yarnpkg.com/minimist/-/minimist-0.0.8.tgz#857fcabfc3397d2625b8228262e86aa7a011b05d"

mkdirp@0.3.0:
  version "0.3.0"
  resolved "https://registry.yarnpkg.com/mkdirp/-/mkdirp-0.3.0.tgz#1bbf5ab1ba827af23575143490426455f481fe1e"

mkdirp@0.5.1, mkdirp@^0.5.0:
  version "0.5.1"
  resolved "https://registry.yarnpkg.com/mkdirp/-/mkdirp-0.5.1.tgz#30057438eac6cf7f8c4767f38648d6697d75c903"
  dependencies:
    minimist "0.0.8"

mocha@2.5.3:
  version "2.5.3"
  resolved "https://registry.yarnpkg.com/mocha/-/mocha-2.5.3.tgz#161be5bdeb496771eb9b35745050b622b5aefc58"
  dependencies:
    commander "2.3.0"
    debug "2.2.0"
    diff "1.4.0"
    escape-string-regexp "1.0.2"
    glob "3.2.11"
    growl "1.9.2"
    jade "0.26.3"
    mkdirp "0.5.1"
    supports-color "1.2.0"
    to-iso-string "0.0.2"

ms@0.7.1:
  version "0.7.1"
  resolved "https://registry.yarnpkg.com/ms/-/ms-0.7.1.tgz#9cd13c03adbff25b65effde7ce864ee952017098"

ncp@^0.5.1:
  version "0.5.1"
  resolved "https://registry.yarnpkg.com/ncp/-/ncp-0.5.1.tgz#743985316e3db459281b587169e845735a05439f"

ncp@^0.6.0:
  version "0.6.0"
  resolved "https://registry.yarnpkg.com/ncp/-/ncp-0.6.0.tgz#df8ce021e262be21b52feb3d3e5cfaab12491f0d"

once@^1.3.0:
  version "1.4.0"
  resolved "https://registry.yarnpkg.com/once/-/once-1.4.0.tgz#583b1aa775961d4b113ac17d9c50baef9dd76bd1"
  dependencies:
    wrappy "1"

path-is-absolute@^1.0.0:
  version "1.0.1"
  resolved "https://registry.yarnpkg.com/path-is-absolute/-/path-is-absolute-1.0.1.tgz#174b9268735534ffbc7ace6bf53a5a9e1b5c5f5f"

recursive-readdir@^1.2.1:
  version "1.3.0"
  resolved "https://registry.yarnpkg.com/recursive-readdir/-/recursive-readdir-1.3.0.tgz#c6e66c9ae473f4928f8e6c67a05d80e7a56528ef"
  dependencies:
    minimatch "0.3.0"

rimraf@^2.2.8:
  version "2.6.1"
  resolved "https://registry.yarnpkg.com/rimraf/-/rimraf-2.6.1.tgz#c2338ec643df7a1b7fe5c54fa86f57428a55f33d"
  dependencies:
    glob "^7.0.5"

sigmund@~1.0.0:
  version "1.0.1"
  resolved "https://registry.yarnpkg.com/sigmund/-/sigmund-1.0.1.tgz#3ff21f198cad2175f9f3b781853fd94d0d19b590"

sprintf-js@~1.0.2:
  version "1.0.3"
  resolved "https://registry.yarnpkg.com/sprintf-js/-/sprintf-js-1.0.3.tgz#04e6926f662895354f3dd015203633b857297e2c"

stat-mode@^0.2.0:
  version "0.2.2"
  resolved "https://registry.yarnpkg.com/stat-mode/-/stat-mode-0.2.2.tgz#e6c80b623123d7d80cf132ce538f346289072502"

strip-ansi@^0.3.0:
  version "0.3.0"
  resolved "https://registry.yarnpkg.com/strip-ansi/-/strip-ansi-0.3.0.tgz#25f48ea22ca79187f3174a4db8759347bb126220"
  dependencies:
    ansi-regex "^0.2.1"

supports-color@1.2.0:
  version "1.2.0"
  resolved "https://registry.yarnpkg.com/supports-color/-/supports-color-1.2.0.tgz#ff1ed1e61169d06b3cf2d588e188b18d8847e17e"

supports-color@^0.2.0:
  version "0.2.0"
  resolved "https://registry.yarnpkg.com/supports-color/-/supports-color-0.2.0.tgz#d92de2694eb3f67323973d7ae3d8b55b4c22190a"

thunkify@0.0.1:
  version "0.0.1"
  resolved "https://registry.yarnpkg.com/thunkify/-/thunkify-0.0.1.tgz#bd5d36b1069b4078e5dcbac8fab45359bea6183d"

thunkify@2.1.2, thunkify@^2.1.2:
  version "2.1.2"
  resolved "https://registry.yarnpkg.com/thunkify/-/thunkify-2.1.2.tgz#faa0e9d230c51acc95ca13a361ac05ca7e04553d"

to-iso-string@0.0.2:
  version "0.0.2"
  resolved "https://registry.yarnpkg.com/to-iso-string/-/to-iso-string-0.0.2.tgz#4dc19e664dfccbe25bd8db508b00c6da158255d1"

toml@^2.3.2:
  version "2.3.2"
  resolved "https://registry.yarnpkg.com/toml/-/toml-2.3.2.tgz#5eded5ca42887924949fd06eb0e955656001e834"

type-detect@0.1.1:
  version "0.1.1"
  resolved "https://registry.yarnpkg.com/type-detect/-/type-detect-0.1.1.tgz#0ba5ec2a885640e470ea4e8505971900dac58822"

type-detect@^1.0.0:
  version "1.0.0"
  resolved "https://registry.yarnpkg.com/type-detect/-/type-detect-1.0.0.tgz#762217cc06db258ec48908a1298e8b95121e8ea2"

unyield@0.0.1:
  version "0.0.1"
  resolved "https://registry.yarnpkg.com/unyield/-/unyield-0.0.1.tgz#150e65da42bf7742445b958a64eb9b85d1d2b180"
  dependencies:
    co "~3.1.0"

ware@^1.2.0:
  version "1.3.0"
  resolved "https://registry.yarnpkg.com/ware/-/ware-1.3.0.tgz#d1b14f39d2e2cb4ab8c4098f756fe4b164e473d4"
  dependencies:
    wrap-fn "^0.1.0"

win-fork@^1.1.1:
  version "1.1.1"
  resolved "https://registry.yarnpkg.com/win-fork/-/win-fork-1.1.1.tgz#8f58e0656fca00adc8c86a2b89e3cd2d6a2d5e5e"

wrap-fn@^0.1.0:
  version "0.1.5"
  resolved "https://registry.yarnpkg.com/wrap-fn/-/wrap-fn-0.1.5.tgz#f21b6e41016ff4a7e31720dbc63a09016bdf9845"
  dependencies:
    co "3.1.0"

wrappy@1:
  version "1.0.2"
  resolved "https://registry.yarnpkg.com/wrappy/-/wrappy-1.0.2.tgz#b5243d8f3ec1aa35f1364605bc0d1036e30ab69f"
